PODS:
  - Flutter (1.0.0)
  - FMDB (2.7.5):
    - FMDB/standard (= 2.7.5)
  - FMDB/standard (2.7.5)
  - image_picker_ios (0.0.1):
    - Flutter
  - path_provider_foundation (0.0.1):
    - Flutter
    - FlutterMacOS
  - permission_handler_apple (9.0.4):
    - Flutter
  - sqflite (0.0.2):
    - Flutter
    - FMDB (>= 2.7.5)
  - Stripe (23.3.3):
    - StripeApplePay (= 23.3.3)
    - StripeCore (= 23.3.3)
    - StripePayments (= 23.3.3)
    - StripePaymentsUI (= 23.3.3)
    - StripeUICore (= 23.3.3)
  - stripe_ios (0.0.1):
    - Flutter
    - Stripe (~> 23.3.0)
    - StripeApplePay (~> 23.3.0)
    - StripeFinancialConnections (~> 23.3.0)
    - StripePayments (~> 23.3.0)
    - StripePaymentSheet (~> 23.3.0)
    - StripePaymentsUI (~> 23.3.0)
  - StripeApplePay (23.3.3):
    - StripeCore (= 23.3.3)
  - StripeCore (23.3.3)
  - StripeFinancialConnections (23.3.3):
    - StripeCore (= 23.3.3)
    - StripeUICore (= 23.3.3)
  - StripePayments (23.3.3):
    - StripeCore (= 23.3.3)
    - StripePayments/Stripe3DS2 (= 23.3.3)
  - StripePayments/Stripe3DS2 (23.3.3):
    - StripeCore (= 23.3.3)
  - StripePaymentSheet (23.3.3):
    - StripeApplePay (= 23.3.3)
    - StripeCore (= 23.3.3)
    - StripePayments (= 23.3.3)
    - StripePaymentsUI (= 23.3.3)
  - StripePaymentsUI (23.3.3):
    - StripeCore (= 23.3.3)
    - StripePayments (= 23.3.3)
    - StripeUICore (= 23.3.3)
  - StripeUICore (23.3.3):
    - StripeCore (= 23.3.3)

DEPENDENCIES:
  - Flutter (from `Flutter`)
  - image_picker_ios (from `.symlinks/plugins/image_picker_ios/ios`)
  - path_provider_foundation (from `.symlinks/plugins/path_provider_foundation/ios`)
  - permission_handler_apple (from `.symlinks/plugins/permission_handler_apple/ios`)
  - sqflite (from `.symlinks/plugins/sqflite/ios`)
  - stripe_ios (from `.symlinks/plugins/stripe_ios/ios`)

SPEC REPOS:
  trunk:
    - FMDB
    - Stripe
    - StripeApplePay
    - StripeCore
    - StripeFinancialConnections
    - StripePayments
    - StripePaymentSheet
    - StripePaymentsUI
    - StripeUICore

EXTERNAL SOURCES:
  Flutter:
    :path: Flutter
  image_picker_ios:
    :path: ".symlinks/plugins/image_picker_ios/ios"
  path_provider_foundation:
    :path: ".symlinks/plugins/path_provider_foundation/ios"
  permission_handler_apple:
    :path: ".symlinks/plugins/permission_handler_apple/ios"
  sqflite:
    :path: ".symlinks/plugins/sqflite/ios"
  stripe_ios:
    :path: ".symlinks/plugins/stripe_ios/ios"

SPEC CHECKSUMS:
  Flutter: f04841e97a9d0b0a8025694d0796dd46242b2854
  FMDB: 2ce00b547f966261cd18927a3ddb07cb6f3db82a
  image_picker_ios: b786a5dcf033a8336a657191401bfdf12017dabb
  path_provider_foundation: 37748e03f12783f9de2cb2c4eadfaa25fe6d4852
  permission_handler_apple: 44366e37eaf29454a1e7b1b7d736c2cceaeb17ce
  sqflite: 6d358c025f5b867b29ed92fc697fd34924e11904
  Stripe: e12dd4f24d372fbae7b3090967bd416537a05324
  stripe_ios: f93762c5b513f456e82ac57cf7cab2aacc6ec7f7
  StripeApplePay: b288df6ea5237bec30ff00b8e12b9465684813e6
  StripeCore: 05ca3061651987b6aeb52028a8de087ad015d555
  StripeFinancialConnections: eae5e14983f26bc23165f2b897f708e366239f46
  StripePayments: 63a4c0b41148c83c4197e8ff9f0295dd0829660b
  StripePaymentSheet: f5e74b3c1fdd9d6ecd0e1075c1ad48d3b574cd26
  StripePaymentsUI: f9c8a63faf4858f66e2302a717ebb7c928197f53
  StripeUICore: 784efbcb5ed1e3dc69e4179e1a8feb247d792d81

PODFILE CHECKSUM: 30517025a2fecca2d72dac25f08abb5b9a8f1a56

COCOAPODS: 1.11.3
