PODS:
  - Flutter (1.0.0)
  - flutter_native_image (0.0.1):
    - Flutter
  - FMDB (2.7.5):
    - FMDB/standard (= 2.7.5)
  - FMDB/standard (2.7.5)
  - image_picker_ios (0.0.1):
    - Flutter
  - path_provider_foundation (0.0.1):
    - Flutter
    - FlutterMacOS
  - permission_handler_apple (9.0.4):
    - Flutter
  - sqflite (0.0.2):
    - Flutter
    - FMDB (>= 2.7.5)
  - Stripe (23.3.4):
    - StripeApplePay (= 23.3.4)
    - StripeCore (= 23.3.4)
    - StripePayments (= 23.3.4)
    - StripePaymentsUI (= 23.3.4)
    - StripeUICore (= 23.3.4)
  - stripe_ios (0.0.1):
    - Flutter
    - Stripe (~> 23.3.0)
    - StripeApplePay (~> 23.3.0)
    - StripeFinancialConnections (~> 23.3.0)
    - StripePayments (~> 23.3.0)
    - StripePaymentSheet (~> 23.3.0)
    - StripePaymentsUI (~> 23.3.0)
  - StripeApplePay (23.3.4):
    - StripeCore (= 23.3.4)
  - StripeCore (23.3.4)
  - StripeFinancialConnections (23.3.4):
    - StripeCore (= 23.3.4)
    - StripeUICore (= 23.3.4)
  - StripePayments (23.3.4):
    - StripeCore (= 23.3.4)
    - StripePayments/Stripe3DS2 (= 23.3.4)
  - StripePayments/Stripe3DS2 (23.3.4):
    - StripeCore (= 23.3.4)
  - StripePaymentSheet (23.3.4):
    - StripeApplePay (= 23.3.4)
    - StripeCore (= 23.3.4)
    - StripePayments (= 23.3.4)
    - StripePaymentsUI (= 23.3.4)
  - StripePaymentsUI (23.3.4):
    - StripeCore (= 23.3.4)
    - StripePayments (= 23.3.4)
    - StripeUICore (= 23.3.4)
  - StripeUICore (23.3.4):
    - StripeCore (= 23.3.4)

DEPENDENCIES:
  - Flutter (from `Flutter`)
  - flutter_native_image (from `.symlinks/plugins/flutter_native_image/ios`)
  - image_picker_ios (from `.symlinks/plugins/image_picker_ios/ios`)
  - path_provider_foundation (from `.symlinks/plugins/path_provider_foundation/ios`)
  - permission_handler_apple (from `.symlinks/plugins/permission_handler_apple/ios`)
  - sqflite (from `.symlinks/plugins/sqflite/ios`)
  - stripe_ios (from `.symlinks/plugins/stripe_ios/ios`)

SPEC REPOS:
  trunk:
    - FMDB
    - Stripe
    - StripeApplePay
    - StripeCore
    - StripeFinancialConnections
    - StripePayments
    - StripePaymentSheet
    - StripePaymentsUI
    - StripeUICore

EXTERNAL SOURCES:
  Flutter:
    :path: Flutter
  flutter_native_image:
    :path: ".symlinks/plugins/flutter_native_image/ios"
  image_picker_ios:
    :path: ".symlinks/plugins/image_picker_ios/ios"
  path_provider_foundation:
    :path: ".symlinks/plugins/path_provider_foundation/ios"
  permission_handler_apple:
    :path: ".symlinks/plugins/permission_handler_apple/ios"
  sqflite:
    :path: ".symlinks/plugins/sqflite/ios"
  stripe_ios:
    :path: ".symlinks/plugins/stripe_ios/ios"

SPEC CHECKSUMS:
  Flutter: f04841e97a9d0b0a8025694d0796dd46242b2854
  flutter_native_image: 9c0b7451838484458e5b0fae007b86a4c2d4bdfe
  FMDB: 2ce00b547f966261cd18927a3ddb07cb6f3db82a
  image_picker_ios: b786a5dcf033a8336a657191401bfdf12017dabb
  path_provider_foundation: 37748e03f12783f9de2cb2c4eadfaa25fe6d4852
  permission_handler_apple: 44366e37eaf29454a1e7b1b7d736c2cceaeb17ce
  sqflite: 6d358c025f5b867b29ed92fc697fd34924e11904
  Stripe: 7393b16fe555d4a68e6555044e7b57eff11ae547
  stripe_ios: f93762c5b513f456e82ac57cf7cab2aacc6ec7f7
  StripeApplePay: 174b09c0211134417e340c68af199a3dd34f3cd6
  StripeCore: babb08ec2b961f7cde8663dad3b4cbb77e0ae63b
  StripeFinancialConnections: 484096f2dc5d3c20cc24a5ad4d261953ba806ef0
  StripePayments: 71bf62ccdacefc4b68b46a02a7f2492aeba252b3
  StripePaymentSheet: 722ea7bea092c243d771122fe3572a9c84512704
  StripePaymentsUI: fd08081c4be73c16322dc76a1878140520a9df2e
  StripeUICore: ed68cbd5ad0626e0760e772f8c82d96cae9b829b

PODFILE CHECKSUM: 30517025a2fecca2d72dac25f08abb5b9a8f1a56

COCOAPODS: 1.11.3
