PODS:
  - Flutter (1.0.0)
  - flutter_native_image (0.0.1):
    - Flutter
  - FMDB (2.7.5):
    - FMDB/standard (= 2.7.5)
  - FMDB/standard (2.7.5)
  - image_picker_ios (0.0.1):
    - Flutter
  - path_provider_foundation (0.0.1):
    - Flutter
    - FlutterMacOS
  - permission_handler_apple (9.0.4):
    - Flutter
  - sqflite (0.0.3):
    - Flutter
    - FMDB (>= 2.7.5)
  - Stripe (23.6.0):
    - StripeApplePay (= 23.6.0)
    - StripeCore (= 23.6.0)
    - StripePayments (= 23.6.0)
    - StripePaymentsUI (= 23.6.0)
    - StripeUICore (= 23.6.0)
  - stripe_ios (0.0.1):
    - Flutter
    - Stripe (= 23.6.0)
    - StripeApplePay (= 23.6.0)
    - StripeFinancialConnections (= 23.6.0)
    - StripePayments (= 23.6.0)
    - StripePaymentSheet (= 23.6.0)
    - StripePaymentsUI (= 23.6.0)
  - StripeApplePay (23.6.0):
    - StripeCore (= 23.6.0)
  - StripeCore (23.6.0)
  - StripeFinancialConnections (23.6.0):
    - StripeCore (= 23.6.0)
    - StripeUICore (= 23.6.0)
  - StripePayments (23.6.0):
    - StripeCore (= 23.6.0)
    - StripePayments/Stripe3DS2 (= 23.6.0)
  - StripePayments/Stripe3DS2 (23.6.0):
    - StripeCore (= 23.6.0)
  - StripePaymentSheet (23.6.0):
    - StripeApplePay (= 23.6.0)
    - StripeCore (= 23.6.0)
    - StripePayments (= 23.6.0)
    - StripePaymentsUI (= 23.6.0)
  - StripePaymentsUI (23.6.0):
    - StripeCore (= 23.6.0)
    - StripePayments (= 23.6.0)
    - StripeUICore (= 23.6.0)
  - StripeUICore (23.6.0):
    - StripeCore (= 23.6.0)

DEPENDENCIES:
  - Flutter (from `Flutter`)
  - flutter_native_image (from `.symlinks/plugins/flutter_native_image/ios`)
  - image_picker_ios (from `.symlinks/plugins/image_picker_ios/ios`)
  - path_provider_foundation (from `.symlinks/plugins/path_provider_foundation/darwin`)
  - permission_handler_apple (from `.symlinks/plugins/permission_handler_apple/ios`)
  - sqflite (from `.symlinks/plugins/sqflite/ios`)
  - stripe_ios (from `.symlinks/plugins/stripe_ios/ios`)

SPEC REPOS:
  trunk:
    - FMDB
    - Stripe
    - StripeApplePay
    - StripeCore
    - StripeFinancialConnections
    - StripePayments
    - StripePaymentSheet
    - StripePaymentsUI
    - StripeUICore

EXTERNAL SOURCES:
  Flutter:
    :path: Flutter
  flutter_native_image:
    :path: ".symlinks/plugins/flutter_native_image/ios"
  image_picker_ios:
    :path: ".symlinks/plugins/image_picker_ios/ios"
  path_provider_foundation:
    :path: ".symlinks/plugins/path_provider_foundation/darwin"
  permission_handler_apple:
    :path: ".symlinks/plugins/permission_handler_apple/ios"
  sqflite:
    :path: ".symlinks/plugins/sqflite/ios"
  stripe_ios:
    :path: ".symlinks/plugins/stripe_ios/ios"

SPEC CHECKSUMS:
  Flutter: f04841e97a9d0b0a8025694d0796dd46242b2854
  flutter_native_image: 9c0b7451838484458e5b0fae007b86a4c2d4bdfe
  FMDB: 2ce00b547f966261cd18927a3ddb07cb6f3db82a
  image_picker_ios: 4a8aadfbb6dc30ad5141a2ce3832af9214a705b5
  path_provider_foundation: eaf5b3e458fc0e5fbb9940fb09980e853fe058b8
  permission_handler_apple: 44366e37eaf29454a1e7b1b7d736c2cceaeb17ce
  sqflite: 31f7eba61e3074736dff8807a9b41581e4f7f15a
  Stripe: 097f76ce332ff7dcb8a29ec2a8379bb4f34aa14d
  stripe_ios: dfb96f1e36a0feb24596e280dfdc33d4106e9e77
  StripeApplePay: 484761d4760ddb8af8c1510b8735cd9aee94515f
  StripeCore: 0e83ad26d508e5a8e9eb04d6ddd3cbb08a3f7816
  StripeFinancialConnections: eb303783458a7e5bd4380cbbf0a6cf44246473f4
  StripePayments: cdd5222052d541f4daf1d84515f0b9cd18720534
  StripePaymentSheet: 835aabcac7946d6b6b341055d021428b96894b70
  StripePaymentsUI: 835b9422f86ceb2ca02b4146db9d3f7bf1acb0d9
  StripeUICore: 81bac0f54df659ab7c5dd4f5a57719a5fecdcdc9

PODFILE CHECKSUM: 30517025a2fecca2d72dac25f08abb5b9a8f1a56

COCOAPODS: 1.12.0
